
Microsoft Visual Studio Solution File, Format Version 12.00
# Visual Studio Version 16
VisualStudioVersion = 16.0.30621.155
MinimumVisualStudioVersion = 10.0.40219.1
Project("{FAE04EC0-301F-11D3-BF4B-00C04F79EFBC}") = "CayoPericoRPH", "CayoPericoRPH.csproj", "{5DC0BFB1-4568-4DDF-901E-1221C34BDF3E}"
EndProject
Global
	GlobalSection(SolutionConfigurationPlatforms) = preSolution
		Debug|Any CPU = Debug|Any CPU
		Release|Any CPU = Release|Any CPU
	EndGlobalSection
	GlobalSection(ProjectConfigurationPlatforms) = postSolution
		{5DC0BFB1-4568-4DDF-901E-1221C34BDF3E}.Debug|Any CPU.ActiveCfg = Debug|Any CPU
		{5DC0BFB1-4568-4DDF-901E-1221C34BDF3E}.Debug|Any CPU.Build.0 = Debug|Any CPU
		{5DC0BFB1-4568-4DDF-901E-1221C34BDF3E}.Release|Any CPU.ActiveCfg = Release|Any CPU
		{5DC0BFB1-4568-4DDF-901E-1221C34BDF3E}.Release|Any CPU.Build.0 = Release|Any CPU
	EndGlobalSection
	GlobalSection(SolutionProperties) = preSolution
		HideSolutionNode = FALSE
	EndGlobalSection
	GlobalSection(ExtensibilityGlobals) = postSolution
		SolutionGuid = {628A1CE3-79EB-4F70-B826-473C980A37FF}
	EndGlobalSection
EndGlobal
